
Microsoft Visual Studio Solution File, Format Version 12.00
# Visual Studio Version 17
VisualStudioVersion = 17.14.36518.9 d17.14
MinimumVisualStudioVersion = 10.0.40219.1
Project("{FAE04EC0-301F-11D3-BF4B-00C04F79EFBC}") = "AirsysMVC", "AirsysMVC\AirsysMVC.csproj", "{C67D8474-1856-457E-B2F1-475EFC610F23}"
EndProject
Global
	GlobalSection(SolutionConfigurationPlatforms) = preSolution
		Debug|Any CPU = Debug|Any CPU
		Release|Any CPU = Release|Any CPU
	EndGlobalSection
	GlobalSection(ProjectConfigurationPlatforms) = postSolution
		{C67D8474-1856-457E-B2F1-475EFC610F23}.Debug|Any CPU.ActiveCfg = Debug|Any CPU
		{C67D8474-1856-457E-B2F1-475EFC610F23}.Debug|Any CPU.Build.0 = Debug|Any CPU
		{C67D8474-1856-457E-B2F1-475EFC610F23}.Release|Any CPU.ActiveCfg = Release|Any CPU
		{C67D8474-1856-457E-B2F1-475EFC610F23}.Release|Any CPU.Build.0 = Release|Any CPU
	EndGlobalSection
	GlobalSection(SolutionProperties) = preSolution
		HideSolutionNode = FALSE
	EndGlobalSection
	GlobalSection(ExtensibilityGlobals) = postSolution
		SolutionGuid = {42C3AAF5-5906-4CC8-8886-92D7D5505F17}
	EndGlobalSection
EndGlobal
